<?xml version="1.0" encoding="utf-8"?>
<Project ToolsVersion="4.0" xmlns="http://schemas.microsoft.com/developer/msbuild/2003">
  <ItemGroup>
    <ClCompile Include="main.cpp" />
    <ClCompile Include="Scene.cpp" />
    <ClCompile Include="Image.cpp" />
    <ClCompile Include="raytrace.cpp" />
  </ItemGroup>
  <ItemGroup>
    <ClInclude Include="Scene.h" />
    <ClInclude Include="Vector.hpp" />
    <ClInclude Include="Image.h" />
    <ClInclude Include="raytrace.h" />
  </ItemGroup>
  <ItemGroup>
    <Text Include="cubicballs.txt" />
    <Text Include="randomballs.txt" />
    <Text Include="axisballs.txt" />
  </ItemGroup>
</Project>